<Solution>
  <Folder Name="/Solution Items/">
    <File Path=".gitignore" />
    <File Path="README.md" />
  </Folder>
  <Project Path="Ej01_BienvenidaBilletera/Ej01_BienvenidaBilletera.csproj" />
  <Project Path="Ej02_FichaDeCuenta/Ej02_FichaDeCuenta.csproj" />
  <Project Path="Ej03_TiposDeDatosCuenta/Ej03_TiposDeDatosCuenta.csproj" />
  <Project Path="Ej04_CalculoTransferencia/Ej04_CalculoTransferencia.csproj" Id="d4e8bf1a-c206-40d6-942a-e27248077eb7" />
  <Project Path="M1_BilleteraVirtual/M1_BilleteraVirtual.csproj" />
</Solution>
